{
  "requires": true,
  "lockfileVersion": 1,
  "dependencies": {
    "gridstack": {
      "version": "4.2.3",
      "resolved": "https://registry.npmjs.org/gridstack/-/gridstack-4.2.3.tgz",
      "integrity": "sha512-eaB8BUWsqldHIM6EJuUfRLnopCo5GejFfToE+vIbtNa6KStKxGIMovtSn9yguVTp2aN6t9SxSq0lKTdKrEb+7g=="
    }
  }
}
